
Microsoft Visual Studio Solution File, Format Version 12.00
# Visual Studio Version 17
VisualStudioVersion = 17.2.32519.379
MinimumVisualStudioVersion = 10.0.40219.1
Project("{9A19103F-16F7-4668-BE54-9A1E7A4F7556}") = "AspNetCore.Form", "AspNetCore.Form\AspNetCore.Form.csproj", "{18F388F2-C9FA-471F-88E6-DDC05276FF3B}"
EndProject
Project("{2150E333-8FDC-42A3-9474-1A3956D46DE8}") = "Itens de Solução", "Itens de Solução", "{2B17DDA0-1442-40B5-BD5B-5C0A7DA550AF}"
	ProjectSection(SolutionItems) = preProject
		.gitignore = .gitignore
		README.md = README.md
	EndProjectSection
EndProject
Project("{2150E333-8FDC-42A3-9474-1A3956D46DE8}") = "Demo", "Demo", "{80437B07-181D-4421-8C7E-B939B9F8A90F}"
EndProject
Project("{FAE04EC0-301F-11D3-BF4B-00C04F79EFBC}") = "WebApplicationDemo", "WebApplicationDemo\WebApplicationDemo.csproj", "{2BE09699-B280-465C-9F89-E06F93C92D95}"
EndProject
Global
	GlobalSection(SolutionConfigurationPlatforms) = preSolution
		Debug|Any CPU = Debug|Any CPU
		Release|Any CPU = Release|Any CPU
	EndGlobalSection
	GlobalSection(ProjectConfigurationPlatforms) = postSolution
		{18F388F2-C9FA-471F-88E6-DDC05276FF3B}.Debug|Any CPU.ActiveCfg = Debug|Any CPU
		{18F388F2-C9FA-471F-88E6-DDC05276FF3B}.Debug|Any CPU.Build.0 = Debug|Any CPU
		{18F388F2-C9FA-471F-88E6-DDC05276FF3B}.Release|Any CPU.ActiveCfg = Release|Any CPU
		{18F388F2-C9FA-471F-88E6-DDC05276FF3B}.Release|Any CPU.Build.0 = Release|Any CPU
		{2BE09699-B280-465C-9F89-E06F93C92D95}.Debug|Any CPU.ActiveCfg = Debug|Any CPU
		{2BE09699-B280-465C-9F89-E06F93C92D95}.Debug|Any CPU.Build.0 = Debug|Any CPU
		{2BE09699-B280-465C-9F89-E06F93C92D95}.Release|Any CPU.ActiveCfg = Release|Any CPU
		{2BE09699-B280-465C-9F89-E06F93C92D95}.Release|Any CPU.Build.0 = Release|Any CPU
	EndGlobalSection
	GlobalSection(SolutionProperties) = preSolution
		HideSolutionNode = FALSE
	EndGlobalSection
	GlobalSection(NestedProjects) = preSolution
		{2BE09699-B280-465C-9F89-E06F93C92D95} = {80437B07-181D-4421-8C7E-B939B9F8A90F}
	EndGlobalSection
	GlobalSection(ExtensibilityGlobals) = postSolution
		SolutionGuid = {EAB95E3E-FB5D-4514-8294-AF31347D0CCD}
	EndGlobalSection
EndGlobal
